
Microsoft Visual Studio Solution File, Format Version 12.00
# Visual Studio Version 16
VisualStudioVersion = 16.0.30804.86
MinimumVisualStudioVersion = 10.0.40219.1
Project("{FAE04EC0-301F-11D3-BF4B-00C04F79EFBC}") = "easyHospital", "easyHospital\easyHospital.csproj", "{AC1F074C-C1E6-4AF2-ADED-0CCF47015AB8}"
EndProject
Global
	GlobalSection(SolutionConfigurationPlatforms) = preSolution
		Debug|Any CPU = Debug|Any CPU
		Release|Any CPU = Release|Any CPU
	EndGlobalSection
	GlobalSection(ProjectConfigurationPlatforms) = postSolution
		{AC1F074C-C1E6-4AF2-ADED-0CCF47015AB8}.Debug|Any CPU.ActiveCfg = Debug|Any CPU
		{AC1F074C-C1E6-4AF2-ADED-0CCF47015AB8}.Debug|Any CPU.Build.0 = Debug|Any CPU
		{AC1F074C-C1E6-4AF2-ADED-0CCF47015AB8}.Release|Any CPU.ActiveCfg = Release|Any CPU
		{AC1F074C-C1E6-4AF2-ADED-0CCF47015AB8}.Release|Any CPU.Build.0 = Release|Any CPU
	EndGlobalSection
	GlobalSection(SolutionProperties) = preSolution
		HideSolutionNode = FALSE
	EndGlobalSection
	GlobalSection(ExtensibilityGlobals) = postSolution
		SolutionGuid = {5EF53583-1A2E-42CD-A42B-8AD33A3DC604}
	EndGlobalSection
EndGlobal
